// !$*UTF8*$!
{
	archiveVersion = 1;
	classes = {
	};
	objectVersion = 46;
	objects = {

/* Begin PBXBuildFile section */
		632E98FA1BD04B2B007BCE45 /* AppDelegate.swift in Sources */ = {isa = PBXBuildFile; fileRef = 632E98F91BD04B2B007BCE45 /* AppDelegate.swift */; };
		632E98FC1BD04B2B007BCE45 /* ViewController.swift in Sources */ = {isa = PBXBuildFile; fileRef = 632E98FB1BD04B2B007BCE45 /* ViewController.swift */; };
		632E98FF1BD04B2B007BCE45 /* Main.storyboard in Resources */ = {isa = PBXBuildFile; fileRef = 632E98FD1BD04B2B007BCE45 /* Main.storyboard */; };
		632E99011BD04B2B007BCE45 /* Assets.xcassets in Resources */ = {isa = PBXBuildFile; fileRef = 632E99001BD04B2B007BCE45 /* Assets.xcassets */; };
		632E99041BD04B2B007BCE45 /* LaunchScreen.storyboard in Resources */ = {isa = PBXBuildFile; fileRef = 632E99021BD04B2B007BCE45 /* LaunchScreen.storyboard */; };
		632E990C1BD04BC1007BCE45 /* CDHelper.swift in Sources */ = {isa = PBXBuildFile; fileRef = 632E990B1BD04BC1007BCE45 /* CDHelper.swift */; settings = {ASSET_TAGS = (); }; };
		632E990F1BD04CBD007BCE45 /* Model.xcdatamodeld in Sources */ = {isa = PBXBuildFile; fileRef = 632E990D1BD04CBD007BCE45 /* Model.xcdatamodeld */; settings = {ASSET_TAGS = (); }; };
		632E99121BD04D45007BCE45 /* Person+CoreDataProperties.swift in Sources */ = {isa = PBXBuildFile; fileRef = 632E99101BD04D45007BCE45 /* Person+CoreDataProperties.swift */; settings = {ASSET_TAGS = (); }; };
		632E99131BD04D45007BCE45 /* Person.swift in Sources */ = {isa = PBXBuildFile; fileRef = 632E99111BD04D45007BCE45 /* Person.swift */; settings = {ASSET_TAGS = (); }; };
/* End PBXBuildFile section */

/* Begin PBXFileReference section */
		632E98F61BD04B2B007BCE45 /* CRUDOperations.app */ = {isa = PBXFileReference; explicitFileType = wrapper.application; includeInIndex = 0; path = CRUDOperations.app; sourceTree = BUILT_PRODUCTS_DIR; };
		632E98F91BD04B2B007BCE45 /* AppDelegate.swift */ = {isa = PBXFileReference; lastKnownFileType = sourcecode.swift; path = AppDelegate.swift; sourceTree = "<group>"; };
		632E98FB1BD04B2B007BCE45 /* ViewController.swift */ = {isa = PBXFileReference; lastKnownFileType = sourcecode.swift; path = ViewController.swift; sourceTree = "<group>"; };
		632E98FE1BD04B2B007BCE45 /* Base */ = {isa = PBXFileReference; lastKnownFileType = file.storyboard; name = Base; path = Base.lproj/Main.storyboard; sourceTree = "<group>"; };
		632E99001BD04B2B007BCE45 /* Assets.xcassets */ = {isa = PBXFileReference; lastKnownFileType = folder.assetcatalog; path = Assets.xcassets; sourceTree = "<group>"; };
		632E99031BD04B2B007BCE45 /* Base */ = {isa = PBXFileReference; lastKnownFileType = file.storyboard; name = Base; path = Base.lproj/LaunchScreen.storyboard; sourceTree = "<group>"; };
		632E99051BD04B2B007BCE45 /* Info.plist */ = {isa = PBXFileReference; lastKnownFileType = text.plist.xml; path = Info.plist; sourceTree = "<group>"; };
		632E990B1BD04BC1007BCE45 /* CDHelper.swift */ = {isa = PBXFileReference; fileEncoding = 4; lastKnownFileType = sourcecode.swift; path = CDHelper.swift; sourceTree = "<group>"; };
		632E990E1BD04CBD007BCE45 /* Model.xcdatamodel */ = {isa = PBXFileReference; lastKnownFileType = wrapper.xcdatamodel; path = Model.xcdatamodel; sourceTree = "<group>"; };
		632E99101BD04D45007BCE45 /* Person+CoreDataProperties.swift */ = {isa = PBXFileReference; fileEncoding = 4; lastKnownFileType = sourcecode.swift; path = "Person+CoreDataProperties.swift"; sourceTree = "<group>"; };
		632E99111BD04D45007BCE45 /* Person.swift */ = {isa = PBXFileReference; fileEncoding = 4; lastKnownFileType = sourcecode.swift; path = Person.swift; sourceTree = "<group>"; };
/* End PBXFileReference section */

/* Begin PBXFrameworksBuildPhase section */
		632E98F31BD04B2B007BCE45 /* Frameworks */ = {
			isa = PBXFrameworksBuildPhase;
			buildActionMask = 2147483647;
			files = (
			);
			runOnlyForDeploymentPostprocessing = 0;
		};
/* End PBXFrameworksBuildPhase section */

/* Begin PBXGroup section */
		632E98ED1BD04B2B007BCE45 = {
			isa = PBXGroup;
			children = (
				632E99101BD04D45007BCE45 /* Person+CoreDataProperties.swift */,
				632E99111BD04D45007BCE45 /* Person.swift */,
				632E98F81BD04B2B007BCE45 /* CRUDOperations */,
				632E98F71BD04B2B007BCE45 /* Products */,
			);
			sourceTree = "<group>";
		};
		632E98F71BD04B2B007BCE45 /* Products */ = {
			isa = PBXGroup;
			children = (
				632E98F61BD04B2B007BCE45 /* CRUDOperations.app */,
			);
			name = Products;
			sourceTree = "<group>";
		};
		632E98F81BD04B2B007BCE45 /* CRUDOperations */ = {
			isa = PBXGroup;
			children = (
				632E98F91BD04B2B007BCE45 /* AppDelegate.swift */,
				632E98FB1BD04B2B007BCE45 /* ViewController.swift */,
				632E990B1BD04BC1007BCE45 /* CDHelper.swift */,
				632E98FD1BD04B2B007BCE45 /* Main.storyboard */,
				632E99001BD04B2B007BCE45 /* Assets.xcassets */,
				632E99021BD04B2B007BCE45 /* LaunchScreen.storyboard */,
				632E990D1BD04CBD007BCE45 /* Model.xcdatamodeld */,
				632E99051BD04B2B007BCE45 /* Info.plist */,
			);
			path = CRUDOperations;
			sourceTree = "<group>";
		};
/* End PBXGroup section */

/* Begin PBXNativeTarget section */
		632E98F51BD04B2B007BCE45 /* CRUDOperations */ = {
			isa = PBXNativeTarget;
			buildConfigurationList = 632E99081BD04B2B007BCE45 /* Build configuration list for PBXNativeTarget "CRUDOperations" */;
			buildPhases = (
				632E98F21BD04B2B007BCE45 /* Sources */,
				632E98F31BD04B2B007BCE45 /* Frameworks */,
				632E98F41BD04B2B007BCE45 /* Resources */,
			);
			buildRules = (
			);
			dependencies = (
			);
			name = CRUDOperations;
			productName = CRUDOperations;
			productReference = 632E98F61BD04B2B007BCE45 /* CRUDOperations.app */;
			productType = "com.apple.product-type.application";
		};
/* End PBXNativeTarget section */

/* Begin PBXProject section */
		632E98EE1BD04B2B007BCE45 /* Project object */ = {
			isa = PBXProject;
			attributes = {
				LastUpgradeCheck = 0700;
				ORGANIZATIONNAME = "DigitalEquity, Inc.";
				TargetAttributes = {
					632E98F51BD04B2B007BCE45 = {
						CreatedOnToolsVersion = 7.0.1;
						DevelopmentTeam = YDU3QBJ62N;
					};
				};
			};
			buildConfigurationList = 632E98F11BD04B2B007BCE45 /* Build configuration list for PBXProject "CRUDOperations" */;
			compatibilityVersion = "Xcode 3.2";
			developmentRegion = English;
			hasScannedForEncodings = 0;
			knownRegions = (
				en,
				Base,
			);
			mainGroup = 632E98ED1BD04B2B007BCE45;
			productRefGroup = 632E98F71BD04B2B007BCE45 /* Products */;
			projectDirPath = "";
			projectRoot = "";
			targets = (
				632E98F51BD04B2B007BCE45 /* CRUDOperations */,
			);
		};
/* End PBXProject section */

/* Begin PBXResourcesBuildPhase section */
		632E98F41BD04B2B007BCE45 /* Resources */ = {
			isa = PBXResourcesBuildPhase;
			buildActionMask = 2147483647;
			files = (
				632E99041BD04B2B007BCE45 /* LaunchScreen.storyboard in Resources */,
				632E99011BD04B2B007BCE45 /* Assets.xcassets in Resources */,
				632E98FF1BD04B2B007BCE45 /* Main.storyboard in Resources */,
			);
			runOnlyForDeploymentPostprocessing = 0;
		};
/* End PBXResourcesBuildPhase section */

/* Begin PBXSourcesBuildPhase section */
		632E98F21BD04B2B007BCE45 /* Sources */ = {
			isa = PBXSourcesBuildPhase;
			buildActionMask = 2147483647;
			files = (
				632E99131BD04D45007BCE45 /* Person.swift in Sources */,
				632E98FC1BD04B2B007BCE45 /* ViewController.swift in Sources */,
				632E99121BD04D45007BCE45 /* Person+CoreDataProperties.swift in Sources */,
				632E98FA1BD04B2B007BCE45 /* AppDelegate.swift in Sources */,
				632E990C1BD04BC1007BCE45 /* CDHelper.swift in Sources */,
				632E990F1BD04CBD007BCE45 /* Model.xcdatamodeld in Sources */,
			);
			runOnlyForDeploymentPostprocessing = 0;
		};
/* End PBXSourcesBuildPhase section */

/* Begin PBXVariantGroup section */
		632E98FD1BD04B2B007BCE45 /* Main.storyboard */ = {
			isa = PBXVariantGroup;
			children = (
				632E98FE1BD04B2B007BCE45 /* Base */,
			);
			name = Main.storyboard;
			sourceTree = "<group>";
		};
		632E99021BD04B2B007BCE45 /* LaunchScreen.storyboard */ = {
			isa = PBXVariantGroup;
			children = (
				632E99031BD04B2B007BCE45 /* Base */,
			);
			name = LaunchScreen.storyboard;
			sourceTree = "<group>";
		};
/* End PBXVariantGroup section */

/* Begin XCBuildConfiguration section */
		632E99061BD04B2B007BCE45 /* Debug */ = {
			isa = XCBuildConfiguration;
			buildSettings = {
				ALWAYS_SEARCH_USER_PATHS = NO;
				CLANG_CXX_LANGUAGE_STANDARD = "gnu++0x";
				CLANG_CXX_LIBRARY = "libc++";
				CLANG_ENABLE_MODULES = YES;
				CLANG_ENABLE_OBJC_ARC = YES;
				CLANG_WARN_BOOL_CONVERSION = YES;
				CLANG_WARN_CONSTANT_CONVERSION = YES;
				CLANG_WARN_DIRECT_OBJC_ISA_USAGE = YES_ERROR;
				CLANG_WARN_EMPTY_BODY = YES;
				CLANG_WARN_ENUM_CONVERSION = YES;
				CLANG_WARN_INT_CONVERSION = YES;
				CLANG_WARN_OBJC_ROOT_CLASS = YES_ERROR;
				CLANG_WARN_UNREACHABLE_CODE = YES;
				CLANG_WARN__DUPLICATE_METHOD_MATCH = YES;
				"CODE_SIGN_IDENTITY[sdk=iphoneos*]" = "iPhone Developer";
				COPY_PHASE_STRIP = NO;
				DEBUG_INFORMATION_FORMAT = dwarf;
				ENABLE_STRICT_OBJC_MSGSEND = YES;
				ENABLE_TESTABILITY = YES;
				GCC_C_LANGUAGE_STANDARD = gnu99;
				GCC_DYNAMIC_NO_PIC = NO;
				GCC_NO_COMMON_BLOCKS = YES;
				GCC_OPTIMIZATION_LEVEL = 0;
				GCC_PREPROCESSOR_DEFINITIONS = (
					"DEBUG=1",
					"$(inherited)",
				);
				GCC_WARN_64_TO_32_BIT_CONVERSION = YES;
				GCC_WARN_ABOUT_RETURN_TYPE = YES_ERROR;
				GCC_WARN_UNDECLARED_SELECTOR = YES;
				GCC_WARN_UNINITIALIZED_AUTOS = YES_AGGRESSIVE;
				GCC_WARN_UNUSED_FUNCTION = YES;
				GCC_WARN_UNUSED_VARIABLE = YES;
				IPHONEOS_DEPLOYMENT_TARGET = 9.0;
				MTL_ENABLE_DEBUG_INFO = YES;
				ONLY_ACTIVE_ARCH = YES;
				SDKROOT = iphoneos;
				SWIFT_OPTIMIZATION_LEVEL = "-Onone";
				TARGETED_DEVICE_FAMILY = "1,2";
			};
			name = Debug;
		};
		632E99071BD04B2B007BCE45 /* Release */ = {
			isa = XCBuildConfiguration;
			buildSettings = {
				ALWAYS_SEARCH_USER_PATHS = NO;
				CLANG_CXX_LANGUAGE_STANDARD = "gnu++0x";
				CLANG_CXX_LIBRARY = "libc++";
				CLANG_ENABLE_MODULES = YES;
				CLANG_ENABLE_OBJC_ARC = YES;
				CLANG_WARN_BOOL_CONVERSION = YES;
				CLANG_WARN_CONSTANT_CONVERSION = YES;
				CLANG_WARN_DIRECT_OBJC_ISA_USAGE = YES_ERROR;
				CLANG_WARN_EMPTY_BODY = YES;
				CLANG_WARN_ENUM_CONVERSION = YES;
				CLANG_WARN_INT_CONVERSION = YES;
				CLANG_WARN_OBJC_ROOT_CLASS = YES_ERROR;
				CLANG_WARN_UNREACHABLE_CODE = YES;
				CLANG_WARN__DUPLICATE_METHOD_MATCH = YES;
				"CODE_SIGN_IDENTITY[sdk=iphoneos*]" = "iPhone Developer";
				COPY_PHASE_STRIP = NO;
				DEBUG_INFORMATION_FORMAT = "dwarf-with-dsym";
				ENABLE_NS_ASSERTIONS = NO;
				ENABLE_STRICT_OBJC_MSGSEND = YES;
				GCC_C_LANGUAGE_STANDARD = gnu99;
				GCC_NO_COMMON_BLOCKS = YES;
				GCC_WARN_64_TO_32_BIT_CONVERSION = YES;
				GCC_WARN_ABOUT_RETURN_TYPE = YES_ERROR;
				GCC_WARN_UNDECLARED_SELECTOR = YES;
				GCC_WARN_UNINITIALIZED_AUTOS = YES_AGGRESSIVE;
				GCC_WARN_UNUSED_FUNCTION = YES;
				GCC_WARN_UNUSED_VARIABLE = YES;
				IPHONEOS_DEPLOYMENT_TARGET = 9.0;
				MTL_ENABLE_DEBUG_INFO = NO;
				SDKROOT = iphoneos;
				TARGETED_DEVICE_FAMILY = "1,2";
				VALIDATE_PRODUCT = YES;
			};
			name = Release;
		};
		632E99091BD04B2B007BCE45 /* Debug */ = {
			isa = XCBuildConfiguration;
			buildSettings = {
				ASSETCATALOG_COMPILER_APPICON_NAME = AppIcon;
				INFOPLIST_FILE = CRUDOperations/Info.plist;
				LD_RUNPATH_SEARCH_PATHS = "$(inherited) @executable_path/Frameworks";
				PRODUCT_BUNDLE_IDENTIFIER = com.DigitalEquity.CRUDOperations;
				PRODUCT_NAME = "$(TARGET_NAME)";
			};
			name = Debug;
		};
		632E990A1BD04B2B007BCE45 /* Release */ = {
			isa = XCBuildConfiguration;
			buildSettings = {
				ASSETCATALOG_COMPILER_APPICON_NAME = AppIcon;
				INFOPLIST_FILE = CRUDOperations/Info.plist;
				LD_RUNPATH_SEARCH_PATHS = "$(inherited) @executable_path/Frameworks";
				PRODUCT_BUNDLE_IDENTIFIER = com.DigitalEquity.CRUDOperations;
				PRODUCT_NAME = "$(TARGET_NAME)";
			};
			name = Release;
		};
/* End XCBuildConfiguration section */

/* Begin XCConfigurationList section */
		632E98F11BD04B2B007BCE45 /* Build configuration list for PBXProject "CRUDOperations" */ = {
			isa = XCConfigurationList;
			buildConfigurations = (
				632E99061BD04B2B007BCE45 /* Debug */,
				632E99071BD04B2B007BCE45 /* Release */,
			);
			defaultConfigurationIsVisible = 0;
			defaultConfigurationName = Release;
		};
		632E99081BD04B2B007BCE45 /* Build configuration list for PBXNativeTarget "CRUDOperations" */ = {
			isa = XCConfigurationList;
			buildConfigurations = (
				632E99091BD04B2B007BCE45 /* Debug */,
				632E990A1BD04B2B007BCE45 /* Release */,
			);
			defaultConfigurationIsVisible = 0;
		};
/* End XCConfigurationList section */

/* Begin XCVersionGroup section */
		632E990D1BD04CBD007BCE45 /* Model.xcdatamodeld */ = {
			isa = XCVersionGroup;
			children = (
				632E990E1BD04CBD007BCE45 /* Model.xcdatamodel */,
			);
			currentVersion = 632E990E1BD04CBD007BCE45 /* Model.xcdatamodel */;
			name = Model.xcdatamodeld;
			path = ../Model.xcdatamodeld;
			sourceTree = "<group>";
			versionGroupType = wrapper.xcdatamodel;
		};
/* End XCVersionGroup section */
	};
	rootObject = 632E98EE1BD04B2B007BCE45 /* Project object */;
}
